
Microsoft Visual Studio Solution File, Format Version 12.00
# Visual Studio Version 16
VisualStudioVersion = 16.0.31729.503
MinimumVisualStudioVersion = 10.0.40219.1
Project("{FAE04EC0-301F-11D3-BF4B-00C04F79EFBC}") = "STS.CrmConnector", "STS.CrmConnector\STS.CrmConnector.csproj", "{473A9463-1507-4E14-9E7A-8ABDB924ED0F}"
EndProject
Global
	GlobalSection(SolutionConfigurationPlatforms) = preSolution
		Debug|Any CPU = Debug|Any CPU
		Release|Any CPU = Release|Any CPU
	EndGlobalSection
	GlobalSection(ProjectConfigurationPlatforms) = postSolution
		{473A9463-1507-4E14-9E7A-8ABDB924ED0F}.Debug|Any CPU.ActiveCfg = Debug|Any CPU
		{473A9463-1507-4E14-9E7A-8ABDB924ED0F}.Debug|Any CPU.Build.0 = Debug|Any CPU
		{473A9463-1507-4E14-9E7A-8ABDB924ED0F}.Release|Any CPU.ActiveCfg = Release|Any CPU
		{473A9463-1507-4E14-9E7A-8ABDB924ED0F}.Release|Any CPU.Build.0 = Release|Any CPU
	EndGlobalSection
	GlobalSection(SolutionProperties) = preSolution
		HideSolutionNode = FALSE
	EndGlobalSection
	GlobalSection(ExtensibilityGlobals) = postSolution
		SolutionGuid = {ED51EBA3-66EC-4B91-BFB5-4F745961FBD8}
	EndGlobalSection
EndGlobal
